// !$*UTF8*$!
{
	archiveVersion = 1;
	classes = {
	};
	objectVersion = 56;
	objects = {

/* Begin PBXBuildFile section */
		046673F52CC381AE00D76963 /* AppDelegate.swift in Sources */ = {isa = PBXBuildFile; fileRef = 046673F42CC381AE00D76963 /* AppDelegate.swift */; };
		046673F72CC381AE00D76963 /* SceneDelegate.swift in Sources */ = {isa = PBXBuildFile; fileRef = 046673F62CC381AE00D76963 /* SceneDelegate.swift */; };
		046673F92CC381AE00D76963 /* CartViewController.swift in Sources */ = {isa = PBXBuildFile; fileRef = 046673F82CC381AE00D76963 /* CartViewController.swift */; };
		046673FC2CC381AE00D76963 /* Main.storyboard in Resources */ = {isa = PBXBuildFile; fileRef = 046673FA2CC381AE00D76963 /* Main.storyboard */; };
		046673FF2CC381AE00D76963 /* ShoppingCart.xcdatamodeld in Sources */ = {isa = PBXBuildFile; fileRef = 046673FD2CC381AE00D76963 /* ShoppingCart.xcdatamodeld */; };
		046674012CC381B100D76963 /* Assets.xcassets in Resources */ = {isa = PBXBuildFile; fileRef = 046674002CC381B100D76963 /* Assets.xcassets */; };
		046674042CC381B100D76963 /* LaunchScreen.storyboard in Resources */ = {isa = PBXBuildFile; fileRef = 046674022CC381B100D76963 /* LaunchScreen.storyboard */; };
		0466740F2CC381B200D76963 /* ShoppingCartTests.swift in Sources */ = {isa = PBXBuildFile; fileRef = 0466740E2CC381B200D76963 /* ShoppingCartTests.swift */; };
		046674192CC381B200D76963 /* ShoppingCartUITests.swift in Sources */ = {isa = PBXBuildFile; fileRef = 046674182CC381B200D76963 /* ShoppingCartUITests.swift */; };
		0466741B2CC381B200D76963 /* ShoppingCartUITestsLaunchTests.swift in Sources */ = {isa = PBXBuildFile; fileRef = 0466741A2CC381B200D76963 /* ShoppingCartUITestsLaunchTests.swift */; };
		046674282CC381D700D76963 /* Product.swift in Sources */ = {isa = PBXBuildFile; fileRef = 046674272CC381D600D76963 /* Product.swift */; };
		0466742B2CC3831C00D76963 /* ProductCell.swift in Sources */ = {isa = PBXBuildFile; fileRef = 046674292CC3831C00D76963 /* ProductCell.swift */; };
		0466742C2CC3831C00D76963 /* ProductCell.xib in Resources */ = {isa = PBXBuildFile; fileRef = 0466742A2CC3831C00D76963 /* ProductCell.xib */; };
/* End PBXBuildFile section */

/* Begin PBXContainerItemProxy section */
		0466740B2CC381B200D76963 /* PBXContainerItemProxy */ = {
			isa = PBXContainerItemProxy;
			containerPortal = 046673E92CC381AE00D76963 /* Project object */;
			proxyType = 1;
			remoteGlobalIDString = 046673F02CC381AE00D76963;
			remoteInfo = ShoppingCart;
		};
		046674152CC381B200D76963 /* PBXContainerItemProxy */ = {
			isa = PBXContainerItemProxy;
			containerPortal = 046673E92CC381AE00D76963 /* Project object */;
			proxyType = 1;
			remoteGlobalIDString = 046673F02CC381AE00D76963;
			remoteInfo = ShoppingCart;
		};
/* End PBXContainerItemProxy section */

/* Begin PBXFileReference section */
		046673F12CC381AE00D76963 /* ShoppingCart.app */ = {isa = PBXFileReference; explicitFileType = wrapper.application; includeInIndex = 0; path = ShoppingCart.app; sourceTree = BUILT_PRODUCTS_DIR; };
		046673F42CC381AE00D76963 /* AppDelegate.swift */ = {isa = PBXFileReference; lastKnownFileType = sourcecode.swift; path = AppDelegate.swift; sourceTree = "<group>"; };
		046673F62CC381AE00D76963 /* SceneDelegate.swift */ = {isa = PBXFileReference; lastKnownFileType = sourcecode.swift; path = SceneDelegate.swift; sourceTree = "<group>"; };
		046673F82CC381AE00D76963 /* CartViewController.swift */ = {isa = PBXFileReference; lastKnownFileType = sourcecode.swift; path = CartViewController.swift; sourceTree = "<group>"; };
		046673FB2CC381AE00D76963 /* Base */ = {isa = PBXFileReference; lastKnownFileType = file.storyboard; name = Base; path = Base.lproj/Main.storyboard; sourceTree = "<group>"; };
		046673FE2CC381AE00D76963 /* ShoppingCart.xcdatamodel */ = {isa = PBXFileReference; lastKnownFileType = wrapper.xcdatamodel; path = ShoppingCart.xcdatamodel; sourceTree = "<group>"; };
		046674002CC381B100D76963 /* Assets.xcassets */ = {isa = PBXFileReference; lastKnownFileType = folder.assetcatalog; path = Assets.xcassets; sourceTree = "<group>"; };
		046674032CC381B100D76963 /* Base */ = {isa = PBXFileReference; lastKnownFileType = file.storyboard; name = Base; path = Base.lproj/LaunchScreen.storyboard; sourceTree = "<group>"; };
		046674052CC381B100D76963 /* Info.plist */ = {isa = PBXFileReference; lastKnownFileType = text.plist.xml; path = Info.plist; sourceTree = "<group>"; };
		0466740A2CC381B200D76963 /* ShoppingCartTests.xctest */ = {isa = PBXFileReference; explicitFileType = wrapper.cfbundle; includeInIndex = 0; path = ShoppingCartTests.xctest; sourceTree = BUILT_PRODUCTS_DIR; };
		0466740E2CC381B200D76963 /* ShoppingCartTests.swift */ = {isa = PBXFileReference; lastKnownFileType = sourcecode.swift; path = ShoppingCartTests.swift; sourceTree = "<group>"; };
		046674142CC381B200D76963 /* ShoppingCartUITests.xctest */ = {isa = PBXFileReference; explicitFileType = wrapper.cfbundle; includeInIndex = 0; path = ShoppingCartUITests.xctest; sourceTree = BUILT_PRODUCTS_DIR; };
		046674182CC381B200D76963 /* ShoppingCartUITests.swift */ = {isa = PBXFileReference; lastKnownFileType = sourcecode.swift; path = ShoppingCartUITests.swift; sourceTree = "<group>"; };
		0466741A2CC381B200D76963 /* ShoppingCartUITestsLaunchTests.swift */ = {isa = PBXFileReference; lastKnownFileType = sourcecode.swift; path = ShoppingCartUITestsLaunchTests.swift; sourceTree = "<group>"; };
		046674272CC381D600D76963 /* Product.swift */ = {isa = PBXFileReference; lastKnownFileType = sourcecode.swift; path = Product.swift; sourceTree = "<group>"; };
		046674292CC3831C00D76963 /* ProductCell.swift */ = {isa = PBXFileReference; lastKnownFileType = sourcecode.swift; path = ProductCell.swift; sourceTree = "<group>"; };
		0466742A2CC3831C00D76963 /* ProductCell.xib */ = {isa = PBXFileReference; lastKnownFileType = file.xib; path = ProductCell.xib; sourceTree = "<group>"; };
/* End PBXFileReference section */

/* Begin PBXFrameworksBuildPhase section */
		046673EE2CC381AE00D76963 /* Frameworks */ = {
			isa = PBXFrameworksBuildPhase;
			buildActionMask = 2147483647;
			files = (
			);
			runOnlyForDeploymentPostprocessing = 0;
		};
		046674072CC381B200D76963 /* Frameworks */ = {
			isa = PBXFrameworksBuildPhase;
			buildActionMask = 2147483647;
			files = (
			);
			runOnlyForDeploymentPostprocessing = 0;
		};
		046674112CC381B200D76963 /* Frameworks */ = {
			isa = PBXFrameworksBuildPhase;
			buildActionMask = 2147483647;
			files = (
			);
			runOnlyForDeploymentPostprocessing = 0;
		};
/* End PBXFrameworksBuildPhase section */

/* Begin PBXGroup section */
		046673E82CC381AE00D76963 = {
			isa = PBXGroup;
			children = (
				046673F32CC381AE00D76963 /* ShoppingCart */,
				0466740D2CC381B200D76963 /* ShoppingCartTests */,
				046674172CC381B200D76963 /* ShoppingCartUITests */,
				046673F22CC381AE00D76963 /* Products */,
			);
			sourceTree = "<group>";
		};
		046673F22CC381AE00D76963 /* Products */ = {
			isa = PBXGroup;
			children = (
				046673F12CC381AE00D76963 /* ShoppingCart.app */,
				0466740A2CC381B200D76963 /* ShoppingCartTests.xctest */,
				046674142CC381B200D76963 /* ShoppingCartUITests.xctest */,
			);
			name = Products;
			sourceTree = "<group>";
		};
		046673F32CC381AE00D76963 /* ShoppingCart */ = {
			isa = PBXGroup;
			children = (
				046673F42CC381AE00D76963 /* AppDelegate.swift */,
				046673F62CC381AE00D76963 /* SceneDelegate.swift */,
				046673F82CC381AE00D76963 /* CartViewController.swift */,
				046673FA2CC381AE00D76963 /* Main.storyboard */,
				046674292CC3831C00D76963 /* ProductCell.swift */,
				0466742A2CC3831C00D76963 /* ProductCell.xib */,
				046674002CC381B100D76963 /* Assets.xcassets */,
				046674022CC381B100D76963 /* LaunchScreen.storyboard */,
				046674052CC381B100D76963 /* Info.plist */,
				046673FD2CC381AE00D76963 /* ShoppingCart.xcdatamodeld */,
				046674272CC381D600D76963 /* Product.swift */,
			);
			path = ShoppingCart;
			sourceTree = "<group>";
		};
		0466740D2CC381B200D76963 /* ShoppingCartTests */ = {
			isa = PBXGroup;
			children = (
				0466740E2CC381B200D76963 /* ShoppingCartTests.swift */,
			);
			path = ShoppingCartTests;
			sourceTree = "<group>";
		};
		046674172CC381B200D76963 /* ShoppingCartUITests */ = {
			isa = PBXGroup;
			children = (
				046674182CC381B200D76963 /* ShoppingCartUITests.swift */,
				0466741A2CC381B200D76963 /* ShoppingCartUITestsLaunchTests.swift */,
			);
			path = ShoppingCartUITests;
			sourceTree = "<group>";
		};
/* End PBXGroup section */

/* Begin PBXNativeTarget section */
		046673F02CC381AE00D76963 /* ShoppingCart */ = {
			isa = PBXNativeTarget;
			buildConfigurationList = 0466741E2CC381B200D76963 /* Build configuration list for PBXNativeTarget "ShoppingCart" */;
			buildPhases = (
				046673ED2CC381AE00D76963 /* Sources */,
				046673EE2CC381AE00D76963 /* Frameworks */,
				046673EF2CC381AE00D76963 /* Resources */,
			);
			buildRules = (
			);
			dependencies = (
			);
			name = ShoppingCart;
			productName = ShoppingCart;
			productReference = 046673F12CC381AE00D76963 /* ShoppingCart.app */;
			productType = "com.apple.product-type.application";
		};
		046674092CC381B200D76963 /* ShoppingCartTests */ = {
			isa = PBXNativeTarget;
			buildConfigurationList = 046674212CC381B200D76963 /* Build configuration list for PBXNativeTarget "ShoppingCartTests" */;
			buildPhases = (
				046674062CC381B200D76963 /* Sources */,
				046674072CC381B200D76963 /* Frameworks */,
				046674082CC381B200D76963 /* Resources */,
			);
			buildRules = (
			);
			dependencies = (
				0466740C2CC381B200D76963 /* PBXTargetDependency */,
			);
			name = ShoppingCartTests;
			productName = ShoppingCartTests;
			productReference = 0466740A2CC381B200D76963 /* ShoppingCartTests.xctest */;
			productType = "com.apple.product-type.bundle.unit-test";
		};
		046674132CC381B200D76963 /* ShoppingCartUITests */ = {
			isa = PBXNativeTarget;
			buildConfigurationList = 046674242CC381B200D76963 /* Build configuration list for PBXNativeTarget "ShoppingCartUITests" */;
			buildPhases = (
				046674102CC381B200D76963 /* Sources */,
				046674112CC381B200D76963 /* Frameworks */,
				046674122CC381B200D76963 /* Resources */,
			);
			buildRules = (
			);
			dependencies = (
				046674162CC381B200D76963 /* PBXTargetDependency */,
			);
			name = ShoppingCartUITests;
			productName = ShoppingCartUITests;
			productReference = 046674142CC381B200D76963 /* ShoppingCartUITests.xctest */;
			productType = "com.apple.product-type.bundle.ui-testing";
		};
/* End PBXNativeTarget section */

/* Begin PBXProject section */
		046673E92CC381AE00D76963 /* Project object */ = {
			isa = PBXProject;
			attributes = {
				BuildIndependentTargetsInParallel = 1;
				LastSwiftUpdateCheck = 1410;
				LastUpgradeCheck = 1410;
				TargetAttributes = {
					046673F02CC381AE00D76963 = {
						CreatedOnToolsVersion = 14.1;
					};
					046674092CC381B200D76963 = {
						CreatedOnToolsVersion = 14.1;
						TestTargetID = 046673F02CC381AE00D76963;
					};
					046674132CC381B200D76963 = {
						CreatedOnToolsVersion = 14.1;
						TestTargetID = 046673F02CC381AE00D76963;
					};
				};
			};
			buildConfigurationList = 046673EC2CC381AE00D76963 /* Build configuration list for PBXProject "ShoppingCart" */;
			compatibilityVersion = "Xcode 14.0";
			developmentRegion = en;
			hasScannedForEncodings = 0;
			knownRegions = (
				en,
				Base,
			);
			mainGroup = 046673E82CC381AE00D76963;
			productRefGroup = 046673F22CC381AE00D76963 /* Products */;
			projectDirPath = "";
			projectRoot = "";
			targets = (
				046673F02CC381AE00D76963 /* ShoppingCart */,
				046674092CC381B200D76963 /* ShoppingCartTests */,
				046674132CC381B200D76963 /* ShoppingCartUITests */,
			);
		};
/* End PBXProject section */

/* Begin PBXResourcesBuildPhase section */
		046673EF2CC381AE00D76963 /* Resources */ = {
			isa = PBXResourcesBuildPhase;
			buildActionMask = 2147483647;
			files = (
				046674042CC381B100D76963 /* LaunchScreen.storyboard in Resources */,
				0466742C2CC3831C00D76963 /* ProductCell.xib in Resources */,
				046674012CC381B100D76963 /* Assets.xcassets in Resources */,
				046673FC2CC381AE00D76963 /* Main.storyboard in Resources */,
			);
			runOnlyForDeploymentPostprocessing = 0;
		};
		046674082CC381B200D76963 /* Resources */ = {
			isa = PBXResourcesBuildPhase;
			buildActionMask = 2147483647;
			files = (
			);
			runOnlyForDeploymentPostprocessing = 0;
		};
		046674122CC381B200D76963 /* Resources */ = {
			isa = PBXResourcesBuildPhase;
			buildActionMask = 2147483647;
			files = (
			);
			runOnlyForDeploymentPostprocessing = 0;
		};
/* End PBXResourcesBuildPhase section */

/* Begin PBXSourcesBuildPhase section */
		046673ED2CC381AE00D76963 /* Sources */ = {
			isa = PBXSourcesBuildPhase;
			buildActionMask = 2147483647;
			files = (
				046673F92CC381AE00D76963 /* CartViewController.swift in Sources */,
				046673F52CC381AE00D76963 /* AppDelegate.swift in Sources */,
				046674282CC381D700D76963 /* Product.swift in Sources */,
				0466742B2CC3831C00D76963 /* ProductCell.swift in Sources */,
				046673F72CC381AE00D76963 /* SceneDelegate.swift in Sources */,
				046673FF2CC381AE00D76963 /* ShoppingCart.xcdatamodeld in Sources */,
			);
			runOnlyForDeploymentPostprocessing = 0;
		};
		046674062CC381B200D76963 /* Sources */ = {
			isa = PBXSourcesBuildPhase;
			buildActionMask = 2147483647;
			files = (
				0466740F2CC381B200D76963 /* ShoppingCartTests.swift in Sources */,
			);
			runOnlyForDeploymentPostprocessing = 0;
		};
		046674102CC381B200D76963 /* Sources */ = {
			isa = PBXSourcesBuildPhase;
			buildActionMask = 2147483647;
			files = (
				0466741B2CC381B200D76963 /* ShoppingCartUITestsLaunchTests.swift in Sources */,
				046674192CC381B200D76963 /* ShoppingCartUITests.swift in Sources */,
			);
			runOnlyForDeploymentPostprocessing = 0;
		};
/* End PBXSourcesBuildPhase section */

/* Begin PBXTargetDependency section */
		0466740C2CC381B200D76963 /* PBXTargetDependency */ = {
			isa = PBXTargetDependency;
			target = 046673F02CC381AE00D76963 /* ShoppingCart */;
			targetProxy = 0466740B2CC381B200D76963 /* PBXContainerItemProxy */;
		};
		046674162CC381B200D76963 /* PBXTargetDependency */ = {
			isa = PBXTargetDependency;
			target = 046673F02CC381AE00D76963 /* ShoppingCart */;
			targetProxy = 046674152CC381B200D76963 /* PBXContainerItemProxy */;
		};
/* End PBXTargetDependency section */

/* Begin PBXVariantGroup section */
		046673FA2CC381AE00D76963 /* Main.storyboard */ = {
			isa = PBXVariantGroup;
			children = (
				046673FB2CC381AE00D76963 /* Base */,
			);
			name = Main.storyboard;
			sourceTree = "<group>";
		};
		046674022CC381B100D76963 /* LaunchScreen.storyboard */ = {
			isa = PBXVariantGroup;
			children = (
				046674032CC381B100D76963 /* Base */,
			);
			name = LaunchScreen.storyboard;
			sourceTree = "<group>";
		};
/* End PBXVariantGroup section */

/* Begin XCBuildConfiguration section */
		0466741C2CC381B200D76963 /* Debug */ = {
			isa = XCBuildConfiguration;
			buildSettings = {
				ALWAYS_SEARCH_USER_PATHS = NO;
				CLANG_ANALYZER_NONNULL = YES;
				CLANG_ANALYZER_NUMBER_OBJECT_CONVERSION = YES_AGGRESSIVE;
				CLANG_CXX_LANGUAGE_STANDARD = "gnu++20";
				CLANG_ENABLE_MODULES = YES;
				CLANG_ENABLE_OBJC_ARC = YES;
				CLANG_ENABLE_OBJC_WEAK = YES;
				CLANG_WARN_BLOCK_CAPTURE_AUTORELEASING = YES;
				CLANG_WARN_BOOL_CONVERSION = YES;
				CLANG_WARN_COMMA = YES;
				CLANG_WARN_CONSTANT_CONVERSION = YES;
				CLANG_WARN_DEPRECATED_OBJC_IMPLEMENTATIONS = YES;
				CLANG_WARN_DIRECT_OBJC_ISA_USAGE = YES_ERROR;
				CLANG_WARN_DOCUMENTATION_COMMENTS = YES;
				CLANG_WARN_EMPTY_BODY = YES;
				CLANG_WARN_ENUM_CONVERSION = YES;
				CLANG_WARN_INFINITE_RECURSION = YES;
				CLANG_WARN_INT_CONVERSION = YES;
				CLANG_WARN_NON_LITERAL_NULL_CONVERSION = YES;
				CLANG_WARN_OBJC_IMPLICIT_RETAIN_SELF = YES;
				CLANG_WARN_OBJC_LITERAL_CONVERSION = YES;
				CLANG_WARN_OBJC_ROOT_CLASS = YES_ERROR;
				CLANG_WARN_QUOTED_INCLUDE_IN_FRAMEWORK_HEADER = YES;
				CLANG_WARN_RANGE_LOOP_ANALYSIS = YES;
				CLANG_WARN_STRICT_PROTOTYPES = YES;
				CLANG_WARN_SUSPICIOUS_MOVE = YES;
				CLANG_WARN_UNGUARDED_AVAILABILITY = YES_AGGRESSIVE;
				CLANG_WARN_UNREACHABLE_CODE = YES;
				CLANG_WARN__DUPLICATE_METHOD_MATCH = YES;
				COPY_PHASE_STRIP = NO;
				DEBUG_INFORMATION_FORMAT = dwarf;
				ENABLE_STRICT_OBJC_MSGSEND = YES;
				ENABLE_TESTABILITY = YES;
				GCC_C_LANGUAGE_STANDARD = gnu11;
				GCC_DYNAMIC_NO_PIC = NO;
				GCC_NO_COMMON_BLOCKS = YES;
				GCC_OPTIMIZATION_LEVEL = 0;
				GCC_PREPROCESSOR_DEFINITIONS = (
					"DEBUG=1",
					"$(inherited)",
				);
				GCC_WARN_64_TO_32_BIT_CONVERSION = YES;
				GCC_WARN_ABOUT_RETURN_TYPE = YES_ERROR;
				GCC_WARN_UNDECLARED_SELECTOR = YES;
				GCC_WARN_UNINITIALIZED_AUTOS = YES_AGGRESSIVE;
				GCC_WARN_UNUSED_FUNCTION = YES;
				GCC_WARN_UNUSED_VARIABLE = YES;
				IPHONEOS_DEPLOYMENT_TARGET = 16.1;
				MTL_ENABLE_DEBUG_INFO = INCLUDE_SOURCE;
				MTL_FAST_MATH = YES;
				ONLY_ACTIVE_ARCH = YES;
				SDKROOT = iphoneos;
				SWIFT_ACTIVE_COMPILATION_CONDITIONS = DEBUG;
				SWIFT_OPTIMIZATION_LEVEL = "-Onone";
			};
			name = Debug;
		};
		0466741D2CC381B200D76963 /* Release */ = {
			isa = XCBuildConfiguration;
			buildSettings = {
				ALWAYS_SEARCH_USER_PATHS = NO;
				CLANG_ANALYZER_NONNULL = YES;
				CLANG_ANALYZER_NUMBER_OBJECT_CONVERSION = YES_AGGRESSIVE;
				CLANG_CXX_LANGUAGE_STANDARD = "gnu++20";
				CLANG_ENABLE_MODULES = YES;
				CLANG_ENABLE_OBJC_ARC = YES;
				CLANG_ENABLE_OBJC_WEAK = YES;
				CLANG_WARN_BLOCK_CAPTURE_AUTORELEASING = YES;
				CLANG_WARN_BOOL_CONVERSION = YES;
				CLANG_WARN_COMMA = YES;
				CLANG_WARN_CONSTANT_CONVERSION = YES;
				CLANG_WARN_DEPRECATED_OBJC_IMPLEMENTATIONS = YES;
				CLANG_WARN_DIRECT_OBJC_ISA_USAGE = YES_ERROR;
				CLANG_WARN_DOCUMENTATION_COMMENTS = YES;
				CLANG_WARN_EMPTY_BODY = YES;
				CLANG_WARN_ENUM_CONVERSION = YES;
				CLANG_WARN_INFINITE_RECURSION = YES;
				CLANG_WARN_INT_CONVERSION = YES;
				CLANG_WARN_NON_LITERAL_NULL_CONVERSION = YES;
				CLANG_WARN_OBJC_IMPLICIT_RETAIN_SELF = YES;
				CLANG_WARN_OBJC_LITERAL_CONVERSION = YES;
				CLANG_WARN_OBJC_ROOT_CLASS = YES_ERROR;
				CLANG_WARN_QUOTED_INCLUDE_IN_FRAMEWORK_HEADER = YES;
				CLANG_WARN_RANGE_LOOP_ANALYSIS = YES;
				CLANG_WARN_STRICT_PROTOTYPES = YES;
				CLANG_WARN_SUSPICIOUS_MOVE = YES;
				CLANG_WARN_UNGUARDED_AVAILABILITY = YES_AGGRESSIVE;
				CLANG_WARN_UNREACHABLE_CODE = YES;
				CLANG_WARN__DUPLICATE_METHOD_MATCH = YES;
				COPY_PHASE_STRIP = NO;
				DEBUG_INFORMATION_FORMAT = "dwarf-with-dsym";
				ENABLE_NS_ASSERTIONS = NO;
				ENABLE_STRICT_OBJC_MSGSEND = YES;
				GCC_C_LANGUAGE_STANDARD = gnu11;
				GCC_NO_COMMON_BLOCKS = YES;
				GCC_WARN_64_TO_32_BIT_CONVERSION = YES;
				GCC_WARN_ABOUT_RETURN_TYPE = YES_ERROR;
				GCC_WARN_UNDECLARED_SELECTOR = YES;
				GCC_WARN_UNINITIALIZED_AUTOS = YES_AGGRESSIVE;
				GCC_WARN_UNUSED_FUNCTION = YES;
				GCC_WARN_UNUSED_VARIABLE = YES;
				IPHONEOS_DEPLOYMENT_TARGET = 16.1;
				MTL_ENABLE_DEBUG_INFO = NO;
				MTL_FAST_MATH = YES;
				SDKROOT = iphoneos;
				SWIFT_COMPILATION_MODE = wholemodule;
				SWIFT_OPTIMIZATION_LEVEL = "-O";
				VALIDATE_PRODUCT = YES;
			};
			name = Release;
		};
		0466741F2CC381B200D76963 /* Debug */ = {
			isa = XCBuildConfiguration;
			buildSettings = {
				ASSETCATALOG_COMPILER_APPICON_NAME = AppIcon;
				ASSETCATALOG_COMPILER_GLOBAL_ACCENT_COLOR_NAME = AccentColor;
				CODE_SIGN_STYLE = Automatic;
				CURRENT_PROJECT_VERSION = 1;
				GENERATE_INFOPLIST_FILE = YES;
				INFOPLIST_FILE = ShoppingCart/Info.plist;
				INFOPLIST_KEY_UIApplicationSupportsIndirectInputEvents = YES;
				INFOPLIST_KEY_UILaunchStoryboardName = LaunchScreen;
				INFOPLIST_KEY_UIMainStoryboardFile = Main;
				INFOPLIST_KEY_UISupportedInterfaceOrientations_iPad = "UIInterfaceOrientationPortrait UIInterfaceOrientationPortraitUpsideDown UIInterfaceOrientationLandscapeLeft UIInterfaceOrientationLandscapeRight";
				INFOPLIST_KEY_UISupportedInterfaceOrientations_iPhone = "UIInterfaceOrientationPortrait UIInterfaceOrientationLandscapeLeft UIInterfaceOrientationLandscapeRight";
				LD_RUNPATH_SEARCH_PATHS = (
					"$(inherited)",
					"@executable_path/Frameworks",
				);
				MARKETING_VERSION = 1.0;
				PRODUCT_BUNDLE_IDENTIFIER = Ashitosh.ShoppingCart;
				PRODUCT_NAME = "$(TARGET_NAME)";
				SWIFT_EMIT_LOC_STRINGS = YES;
				SWIFT_VERSION = 5.0;
				TARGETED_DEVICE_FAMILY = "1,2";
			};
			name = Debug;
		};
		046674202CC381B200D76963 /* Release */ = {
			isa = XCBuildConfiguration;
			buildSettings = {
				ASSETCATALOG_COMPILER_APPICON_NAME = AppIcon;
				ASSETCATALOG_COMPILER_GLOBAL_ACCENT_COLOR_NAME = AccentColor;
				CODE_SIGN_STYLE = Automatic;
				CURRENT_PROJECT_VERSION = 1;
				GENERATE_INFOPLIST_FILE = YES;
				INFOPLIST_FILE = ShoppingCart/Info.plist;
				INFOPLIST_KEY_UIApplicationSupportsIndirectInputEvents = YES;
				INFOPLIST_KEY_UILaunchStoryboardName = LaunchScreen;
				INFOPLIST_KEY_UIMainStoryboardFile = Main;
				INFOPLIST_KEY_UISupportedInterfaceOrientations_iPad = "UIInterfaceOrientationPortrait UIInterfaceOrientationPortraitUpsideDown UIInterfaceOrientationLandscapeLeft UIInterfaceOrientationLandscapeRight";
				INFOPLIST_KEY_UISupportedInterfaceOrientations_iPhone = "UIInterfaceOrientationPortrait UIInterfaceOrientationLandscapeLeft UIInterfaceOrientationLandscapeRight";
				LD_RUNPATH_SEARCH_PATHS = (
					"$(inherited)",
					"@executable_path/Frameworks",
				);
				MARKETING_VERSION = 1.0;
				PRODUCT_BUNDLE_IDENTIFIER = Ashitosh.ShoppingCart;
				PRODUCT_NAME = "$(TARGET_NAME)";
				SWIFT_EMIT_LOC_STRINGS = YES;
				SWIFT_VERSION = 5.0;
				TARGETED_DEVICE_FAMILY = "1,2";
			};
			name = Release;
		};
		046674222CC381B200D76963 /* Debug */ = {
			isa = XCBuildConfiguration;
			buildSettings = {
				ALWAYS_EMBED_SWIFT_STANDARD_LIBRARIES = YES;
				BUNDLE_LOADER = "$(TEST_HOST)";
				CODE_SIGN_STYLE = Automatic;
				CURRENT_PROJECT_VERSION = 1;
				GENERATE_INFOPLIST_FILE = YES;
				IPHONEOS_DEPLOYMENT_TARGET = 16.1;
				MARKETING_VERSION = 1.0;
				PRODUCT_BUNDLE_IDENTIFIER = Ashitosh.ShoppingCartTests;
				PRODUCT_NAME = "$(TARGET_NAME)";
				SWIFT_EMIT_LOC_STRINGS = NO;
				SWIFT_VERSION = 5.0;
				TARGETED_DEVICE_FAMILY = "1,2";
				TEST_HOST = "$(BUILT_PRODUCTS_DIR)/ShoppingCart.app/$(BUNDLE_EXECUTABLE_FOLDER_PATH)/ShoppingCart";
			};
			name = Debug;
		};
		046674232CC381B200D76963 /* Release */ = {
			isa = XCBuildConfiguration;
			buildSettings = {
				ALWAYS_EMBED_SWIFT_STANDARD_LIBRARIES = YES;
				BUNDLE_LOADER = "$(TEST_HOST)";
				CODE_SIGN_STYLE = Automatic;
				CURRENT_PROJECT_VERSION = 1;
				GENERATE_INFOPLIST_FILE = YES;
				IPHONEOS_DEPLOYMENT_TARGET = 16.1;
				MARKETING_VERSION = 1.0;
				PRODUCT_BUNDLE_IDENTIFIER = Ashitosh.ShoppingCartTests;
				PRODUCT_NAME = "$(TARGET_NAME)";
				SWIFT_EMIT_LOC_STRINGS = NO;
				SWIFT_VERSION = 5.0;
				TARGETED_DEVICE_FAMILY = "1,2";
				TEST_HOST = "$(BUILT_PRODUCTS_DIR)/ShoppingCart.app/$(BUNDLE_EXECUTABLE_FOLDER_PATH)/ShoppingCart";
			};
			name = Release;
		};
		046674252CC381B200D76963 /* Debug */ = {
			isa = XCBuildConfiguration;
			buildSettings = {
				ALWAYS_EMBED_SWIFT_STANDARD_LIBRARIES = YES;
				CODE_SIGN_STYLE = Automatic;
				CURRENT_PROJECT_VERSION = 1;
				GENERATE_INFOPLIST_FILE = YES;
				MARKETING_VERSION = 1.0;
				PRODUCT_BUNDLE_IDENTIFIER = Ashitosh.ShoppingCartUITests;
				PRODUCT_NAME = "$(TARGET_NAME)";
				SWIFT_EMIT_LOC_STRINGS = NO;
				SWIFT_VERSION = 5.0;
				TARGETED_DEVICE_FAMILY = "1,2";
				TEST_TARGET_NAME = ShoppingCart;
			};
			name = Debug;
		};
		046674262CC381B200D76963 /* Release */ = {
			isa = XCBuildConfiguration;
			buildSettings = {
				ALWAYS_EMBED_SWIFT_STANDARD_LIBRARIES = YES;
				CODE_SIGN_STYLE = Automatic;
				CURRENT_PROJECT_VERSION = 1;
				GENERATE_INFOPLIST_FILE = YES;
				MARKETING_VERSION = 1.0;
				PRODUCT_BUNDLE_IDENTIFIER = Ashitosh.ShoppingCartUITests;
				PRODUCT_NAME = "$(TARGET_NAME)";
				SWIFT_EMIT_LOC_STRINGS = NO;
				SWIFT_VERSION = 5.0;
				TARGETED_DEVICE_FAMILY = "1,2";
				TEST_TARGET_NAME = ShoppingCart;
			};
			name = Release;
		};
/* End XCBuildConfiguration section */

/* Begin XCConfigurationList section */
		046673EC2CC381AE00D76963 /* Build configuration list for PBXProject "ShoppingCart" */ = {
			isa = XCConfigurationList;
			buildConfigurations = (
				0466741C2CC381B200D76963 /* Debug */,
				0466741D2CC381B200D76963 /* Release */,
			);
			defaultConfigurationIsVisible = 0;
			defaultConfigurationName = Release;
		};
		0466741E2CC381B200D76963 /* Build configuration list for PBXNativeTarget "ShoppingCart" */ = {
			isa = XCConfigurationList;
			buildConfigurations = (
				0466741F2CC381B200D76963 /* Debug */,
				046674202CC381B200D76963 /* Release */,
			);
			defaultConfigurationIsVisible = 0;
			defaultConfigurationName = Release;
		};
		046674212CC381B200D76963 /* Build configuration list for PBXNativeTarget "ShoppingCartTests" */ = {
			isa = XCConfigurationList;
			buildConfigurations = (
				046674222CC381B200D76963 /* Debug */,
				046674232CC381B200D76963 /* Release */,
			);
			defaultConfigurationIsVisible = 0;
			defaultConfigurationName = Release;
		};
		046674242CC381B200D76963 /* Build configuration list for PBXNativeTarget "ShoppingCartUITests" */ = {
			isa = XCConfigurationList;
			buildConfigurations = (
				046674252CC381B200D76963 /* Debug */,
				046674262CC381B200D76963 /* Release */,
			);
			defaultConfigurationIsVisible = 0;
			defaultConfigurationName = Release;
		};
/* End XCConfigurationList section */

/* Begin XCVersionGroup section */
		046673FD2CC381AE00D76963 /* ShoppingCart.xcdatamodeld */ = {
			isa = XCVersionGroup;
			children = (
				046673FE2CC381AE00D76963 /* ShoppingCart.xcdatamodel */,
			);
			currentVersion = 046673FE2CC381AE00D76963 /* ShoppingCart.xcdatamodel */;
			path = ShoppingCart.xcdatamodeld;
			sourceTree = "<group>";
			versionGroupType = wrapper.xcdatamodel;
		};
/* End XCVersionGroup section */
	};
	rootObject = 046673E92CC381AE00D76963 /* Project object */;
}
